Microsoft Visual Studio Solution File, Format Version 12.00
# Visual Studio Version 17
VisualStudioVersion = 17.5.2.0
MinimumVisualStudioVersion = 10.0.40219.1
Project("{2150E333-8FDC-42A3-9474-1A3956D46DE8}") = "squaregrid", "squaregrid", "{7F5CF08B-2A1C-28B1-63A1-36E298C7A8B9}"
EndProject
Project("{2150E333-8FDC-42A3-9474-1A3956D46DE8}") = "server", "server", "{18A24A70-7125-C17A-ADC6-84D9302D249A}"
EndProject
Project("{FAE04EC0-301F-11D3-BF4B-00C04F79EFBC}") = "SquareGridAPI", "squaregrid\server\SquareGridAPI\SquareGridAPI.csproj", "{B3C7C31F-2BDC-48CE-32CF-BFBE82D6C230}"
EndProject
Global
	GlobalSection(SolutionConfigurationPlatforms) = preSolution
		Debug|Any CPU = Debug|Any CPU
		Release|Any CPU = Release|Any CPU
	EndGlobalSection
	GlobalSection(ProjectConfigurationPlatforms) = postSolution
		{B3C7C31F-2BDC-48CE-32CF-BFBE82D6C230}.Debug|Any CPU.ActiveCfg = Debug|Any CPU
		{B3C7C31F-2BDC-48CE-32CF-BFBE82D6C230}.Debug|Any CPU.Build.0 = Debug|Any CPU
		{B3C7C31F-2BDC-48CE-32CF-BFBE82D6C230}.Release|Any CPU.ActiveCfg = Release|Any CPU
		{B3C7C31F-2BDC-48CE-32CF-BFBE82D6C230}.Release|Any CPU.Build.0 = Release|Any CPU
	EndGlobalSection
	GlobalSection(SolutionProperties) = preSolution
		HideSolutionNode = FALSE
	EndGlobalSection
	GlobalSection(NestedProjects) = preSolution
		{18A24A70-7125-C17A-ADC6-84D9302D249A} = {7F5CF08B-2A1C-28B1-63A1-36E298C7A8B9}
		{B3C7C31F-2BDC-48CE-32CF-BFBE82D6C230} = {18A24A70-7125-C17A-ADC6-84D9302D249A}
	EndGlobalSection
	GlobalSection(ExtensibilityGlobals) = postSolution
		SolutionGuid = {04209E64-C36B-4039-82D4-2A08691403D0}
	EndGlobalSection
EndGlobal
